
Microsoft Visual Studio Solution File, Format Version 12.00
# Visual Studio Version 17
VisualStudioVersion = 17.14.36603.0 d17.14
MinimumVisualStudioVersion = 10.0.40219.1
Project("{8BC9CEB8-8B4A-11D0-8D11-00A0C91BC942}") = "TP1_PathFinding", "TP1_PathFinding\TP1_PathFinding.vcxproj", "{8FD059FB-8A67-4D47-AD9E-D3313D517920}"
EndProject
Global
	GlobalSection(SolutionConfigurationPlatforms) = preSolution
		Debug|x64 = Debug|x64
		Debug|x86 = Debug|x86
		Release|x64 = Release|x64
		Release|x86 = Release|x86
	EndGlobalSection
	GlobalSection(ProjectConfigurationPlatforms) = postSolution
		{8FD059FB-8A67-4D47-AD9E-D3313D517920}.Debug|x64.ActiveCfg = Debug|x64
		{8FD059FB-8A67-4D47-AD9E-D3313D517920}.Debug|x64.Build.0 = Debug|x64
		{8FD059FB-8A67-4D47-AD9E-D3313D517920}.Debug|x86.ActiveCfg = Debug|Win32
		{8FD059FB-8A67-4D47-AD9E-D3313D517920}.Debug|x86.Build.0 = Debug|Win32
		{8FD059FB-8A67-4D47-AD9E-D3313D517920}.Release|x64.ActiveCfg = Release|x64
		{8FD059FB-8A67-4D47-AD9E-D3313D517920}.Release|x64.Build.0 = Release|x64
		{8FD059FB-8A67-4D47-AD9E-D3313D517920}.Release|x86.ActiveCfg = Release|Win32
		{8FD059FB-8A67-4D47-AD9E-D3313D517920}.Release|x86.Build.0 = Release|Win32
	EndGlobalSection
	GlobalSection(SolutionProperties) = preSolution
		HideSolutionNode = FALSE
	EndGlobalSection
	GlobalSection(ExtensibilityGlobals) = postSolution
		SolutionGuid = {CDDA73C4-4350-4DD5-A95D-52A6C5706115}
	EndGlobalSection
EndGlobal
